// !$*UTF8*$!
{
	archiveVersion = 1;
	classes = {
	};
	objectVersion = 77;
	objects = {

/* Begin PBXBuildFile section */
		C0C51AE62D792E4D002CC61A /* Alamofire in Frameworks */ = {isa = PBXBuildFile; productRef = C0C51AE52D792E4D002CC61A /* Alamofire */; };
		C0C51AE82D792E6D002CC61A /* OrderedCollections in Frameworks */ = {isa = PBXBuildFile; productRef = C0C51AE72D792E6D002CC61A /* OrderedCollections */; };
/* End PBXBuildFile section */

/* Begin PBXContainerItemProxy section */
		C03975B72D2F83D000BCE78F /* PBXContainerItemProxy */ = {
			isa = PBXContainerItemProxy;
			containerPortal = C039759E2D2F83CE00BCE78F /* Project object */;
			proxyType = 1;
			remoteGlobalIDString = C03975A52D2F83CE00BCE78F;
			remoteInfo = Viva;
		};
		C03975C12D2F83D000BCE78F /* PBXContainerItemProxy */ = {
			isa = PBXContainerItemProxy;
			containerPortal = C039759E2D2F83CE00BCE78F /* Project object */;
			proxyType = 1;
			remoteGlobalIDString = C03975A52D2F83CE00BCE78F;
			remoteInfo = Viva;
		};
/* End PBXContainerItemProxy section */

/* Begin PBXFileReference section */
		C00B452F2D6AF86D0015DC84 /* Local.xcconfig */ = {isa = PBXFileReference; lastKnownFileType = text.xcconfig; path = Local.xcconfig; sourceTree = "<group>"; };
		C00B45312D6AF90A0015DC84 /* Dev.xcconfig */ = {isa = PBXFileReference; lastKnownFileType = text.xcconfig; path = Dev.xcconfig; sourceTree = "<group>"; };
		C03975A62D2F83CE00BCE78F /* Viva.app */ = {isa = PBXFileReference; explicitFileType = wrapper.application; includeInIndex = 0; path = Viva.app; sourceTree = BUILT_PRODUCTS_DIR; };
		C03975B62D2F83D000BCE78F /* VivaTests.xctest */ = {isa = PBXFileReference; explicitFileType = wrapper.cfbundle; includeInIndex = 0; path = VivaTests.xctest; sourceTree = BUILT_PRODUCTS_DIR; };
		C03975C02D2F83D000BCE78F /* VivaUITests.xctest */ = {isa = PBXFileReference; explicitFileType = wrapper.cfbundle; includeInIndex = 0; path = VivaUITests.xctest; sourceTree = BUILT_PRODUCTS_DIR; };
/* End PBXFileReference section */

/* Begin PBXFileSystemSynchronizedBuildFileExceptionSet section */
		C00B45342D6AFFD00015DC84 /* Exceptions for "Viva" folder in "Viva" target */ = {
			isa = PBXFileSystemSynchronizedBuildFileExceptionSet;
			membershipExceptions = (
				Info.plist,
			);
			target = C03975A52D2F83CE00BCE78F /* Viva */;
		};
/* End PBXFileSystemSynchronizedBuildFileExceptionSet section */

/* Begin PBXFileSystemSynchronizedRootGroup section */
		C03975A82D2F83CE00BCE78F /* Viva */ = {
			isa = PBXFileSystemSynchronizedRootGroup;
			exceptions = (
				C00B45342D6AFFD00015DC84 /* Exceptions for "Viva" folder in "Viva" target */,
			);
			path = Viva;
			sourceTree = "<group>";
		};
		C03975B92D2F83D000BCE78F /* VivaTests */ = {
			isa = PBXFileSystemSynchronizedRootGroup;
			path = VivaTests;
			sourceTree = "<group>";
		};
		C03975C32D2F83D000BCE78F /* VivaUITests */ = {
			isa = PBXFileSystemSynchronizedRootGroup;
			path = VivaUITests;
			sourceTree = "<group>";
		};
/* End PBXFileSystemSynchronizedRootGroup section */

/* Begin PBXFrameworksBuildPhase section */
		C03975A32D2F83CE00BCE78F /* Frameworks */ = {
			isa = PBXFrameworksBuildPhase;
			buildActionMask = 2147483647;
			files = (
				C0C51AE82D792E6D002CC61A /* OrderedCollections in Frameworks */,
				C0C51AE62D792E4D002CC61A /* Alamofire in Frameworks */,
			);
			runOnlyForDeploymentPostprocessing = 0;
		};
		C03975B32D2F83D000BCE78F /* Frameworks */ = {
			isa = PBXFrameworksBuildPhase;
			buildActionMask = 2147483647;
			files = (
			);
			runOnlyForDeploymentPostprocessing = 0;
		};
		C03975BD2D2F83D000BCE78F /* Frameworks */ = {
			isa = PBXFrameworksBuildPhase;
			buildActionMask = 2147483647;
			files = (
			);
			runOnlyForDeploymentPostprocessing = 0;
		};
/* End PBXFrameworksBuildPhase section */

/* Begin PBXGroup section */
		C039759D2D2F83CE00BCE78F = {
			isa = PBXGroup;
			children = (
				C00B452F2D6AF86D0015DC84 /* Local.xcconfig */,
				C00B45312D6AF90A0015DC84 /* Dev.xcconfig */,
				C03975A82D2F83CE00BCE78F /* Viva */,
				C03975B92D2F83D000BCE78F /* VivaTests */,
				C03975C32D2F83D000BCE78F /* VivaUITests */,
				C0A1D0252D62CF7100AAD8A8 /* Frameworks */,
				C03975A72D2F83CE00BCE78F /* Products */,
			);
			sourceTree = "<group>";
		};
		C03975A72D2F83CE00BCE78F /* Products */ = {
			isa = PBXGroup;
			children = (
				C03975A62D2F83CE00BCE78F /* Viva.app */,
				C03975B62D2F83D000BCE78F /* VivaTests.xctest */,
				C03975C02D2F83D000BCE78F /* VivaUITests.xctest */,
			);
			name = Products;
			sourceTree = "<group>";
		};
		C0A1D0252D62CF7100AAD8A8 /* Frameworks */ = {
			isa = PBXGroup;
			children = (
			);
			name = Frameworks;
			sourceTree = "<group>";
		};
/* End PBXGroup section */

/* Begin PBXNativeTarget section */
		C03975A52D2F83CE00BCE78F /* Viva */ = {
			isa = PBXNativeTarget;
			buildConfigurationList = C03975CA2D2F83D000BCE78F /* Build configuration list for PBXNativeTarget "Viva" */;
			buildPhases = (
				C03975A22D2F83CE00BCE78F /* Sources */,
				C03975A32D2F83CE00BCE78F /* Frameworks */,
				C03975A42D2F83CE00BCE78F /* Resources */,
			);
			buildRules = (
			);
			dependencies = (
			);
			fileSystemSynchronizedGroups = (
				C03975A82D2F83CE00BCE78F /* Viva */,
			);
			name = Viva;
			packageProductDependencies = (
				C0C51AE52D792E4D002CC61A /* Alamofire */,
				C0C51AE72D792E6D002CC61A /* OrderedCollections */,
			);
			productName = Viva;
			productReference = C03975A62D2F83CE00BCE78F /* Viva.app */;
			productType = "com.apple.product-type.application";
		};
		C03975B52D2F83D000BCE78F /* VivaTests */ = {
			isa = PBXNativeTarget;
			buildConfigurationList = C03975CD2D2F83D000BCE78F /* Build configuration list for PBXNativeTarget "VivaTests" */;
			buildPhases = (
				C03975B22D2F83D000BCE78F /* Sources */,
				C03975B32D2F83D000BCE78F /* Frameworks */,
				C03975B42D2F83D000BCE78F /* Resources */,
			);
			buildRules = (
			);
			dependencies = (
				C03975B82D2F83D000BCE78F /* PBXTargetDependency */,
			);
			fileSystemSynchronizedGroups = (
				C03975B92D2F83D000BCE78F /* VivaTests */,
			);
			name = VivaTests;
			packageProductDependencies = (
			);
			productName = VivaTests;
			productReference = C03975B62D2F83D000BCE78F /* VivaTests.xctest */;
			productType = "com.apple.product-type.bundle.unit-test";
		};
		C03975BF2D2F83D000BCE78F /* VivaUITests */ = {
			isa = PBXNativeTarget;
			buildConfigurationList = C03975D02D2F83D000BCE78F /* Build configuration list for PBXNativeTarget "VivaUITests" */;
			buildPhases = (
				C03975BC2D2F83D000BCE78F /* Sources */,
				C03975BD2D2F83D000BCE78F /* Frameworks */,
				C03975BE2D2F83D000BCE78F /* Resources */,
			);
			buildRules = (
			);
			dependencies = (
				C03975C22D2F83D000BCE78F /* PBXTargetDependency */,
			);
			fileSystemSynchronizedGroups = (
				C03975C32D2F83D000BCE78F /* VivaUITests */,
			);
			name = VivaUITests;
			packageProductDependencies = (
			);
			productName = VivaUITests;
			productReference = C03975C02D2F83D000BCE78F /* VivaUITests.xctest */;
			productType = "com.apple.product-type.bundle.ui-testing";
		};
/* End PBXNativeTarget section */

/* Begin PBXProject section */
		C039759E2D2F83CE00BCE78F /* Project object */ = {
			isa = PBXProject;
			attributes = {
				BuildIndependentTargetsInParallel = 1;
				LastSwiftUpdateCheck = 1600;
				LastUpgradeCheck = 1620;
				TargetAttributes = {
					C03975A52D2F83CE00BCE78F = {
						CreatedOnToolsVersion = 16.0;
					};
					C03975B52D2F83D000BCE78F = {
						CreatedOnToolsVersion = 16.0;
						TestTargetID = C03975A52D2F83CE00BCE78F;
					};
					C03975BF2D2F83D000BCE78F = {
						CreatedOnToolsVersion = 16.0;
						TestTargetID = C03975A52D2F83CE00BCE78F;
					};
				};
			};
			buildConfigurationList = C03975A12D2F83CE00BCE78F /* Build configuration list for PBXProject "Viva" */;
			developmentRegion = en;
			hasScannedForEncodings = 0;
			knownRegions = (
				en,
				Base,
			);
			mainGroup = C039759D2D2F83CE00BCE78F;
			minimizedProjectReferenceProxies = 1;
			packageReferences = (
				C0C51AE32D792E3C002CC61A /* XCRemoteSwiftPackageReference "swift-collections" */,
				C0C51AE42D792E4D002CC61A /* XCRemoteSwiftPackageReference "Alamofire" */,
			);
			preferredProjectObjectVersion = 77;
			productRefGroup = C03975A72D2F83CE00BCE78F /* Products */;
			projectDirPath = "";
			projectRoot = "";
			targets = (
				C03975A52D2F83CE00BCE78F /* Viva */,
				C03975B52D2F83D000BCE78F /* VivaTests */,
				C03975BF2D2F83D000BCE78F /* VivaUITests */,
			);
		};
/* End PBXProject section */

/* Begin PBXResourcesBuildPhase section */
		C03975A42D2F83CE00BCE78F /* Resources */ = {
			isa = PBXResourcesBuildPhase;
			buildActionMask = 2147483647;
			files = (
			);
			runOnlyForDeploymentPostprocessing = 0;
		};
		C03975B42D2F83D000BCE78F /* Resources */ = {
			isa = PBXResourcesBuildPhase;
			buildActionMask = 2147483647;
			files = (
			);
			runOnlyForDeploymentPostprocessing = 0;
		};
		C03975BE2D2F83D000BCE78F /* Resources */ = {
			isa = PBXResourcesBuildPhase;
			buildActionMask = 2147483647;
			files = (
			);
			runOnlyForDeploymentPostprocessing = 0;
		};
/* End PBXResourcesBuildPhase section */

/* Begin PBXSourcesBuildPhase section */
		C03975A22D2F83CE00BCE78F /* Sources */ = {
			isa = PBXSourcesBuildPhase;
			buildActionMask = 2147483647;
			files = (
			);
			runOnlyForDeploymentPostprocessing = 0;
		};
		C03975B22D2F83D000BCE78F /* Sources */ = {
			isa = PBXSourcesBuildPhase;
			buildActionMask = 2147483647;
			files = (
			);
			runOnlyForDeploymentPostprocessing = 0;
		};
		C03975BC2D2F83D000BCE78F /* Sources */ = {
			isa = PBXSourcesBuildPhase;
			buildActionMask = 2147483647;
			files = (
			);
			runOnlyForDeploymentPostprocessing = 0;
		};
/* End PBXSourcesBuildPhase section */

/* Begin PBXTargetDependency section */
		C03975B82D2F83D000BCE78F /* PBXTargetDependency */ = {
			isa = PBXTargetDependency;
			target = C03975A52D2F83CE00BCE78F /* Viva */;
			targetProxy = C03975B72D2F83D000BCE78F /* PBXContainerItemProxy */;
		};
		C03975C22D2F83D000BCE78F /* PBXTargetDependency */ = {
			isa = PBXTargetDependency;
			target = C03975A52D2F83CE00BCE78F /* Viva */;
			targetProxy = C03975C12D2F83D000BCE78F /* PBXContainerItemProxy */;
		};
/* End PBXTargetDependency section */

/* Begin XCBuildConfiguration section */
		C00B45292D6AF7E30015DC84 /* Release - Local */ = {
			isa = XCBuildConfiguration;
			baseConfigurationReference = C00B452F2D6AF86D0015DC84 /* Local.xcconfig */;
			buildSettings = {
				ALWAYS_SEARCH_USER_PATHS = NO;
				ASSETCATALOG_COMPILER_GENERATE_SWIFT_ASSET_SYMBOL_EXTENSIONS = YES;
				CLANG_ANALYZER_NONNULL = YES;
				CLANG_ANALYZER_NUMBER_OBJECT_CONVERSION = YES_AGGRESSIVE;
				CLANG_CXX_LANGUAGE_STANDARD = "gnu++20";
				CLANG_ENABLE_MODULES = YES;
				CLANG_ENABLE_OBJC_ARC = YES;
				CLANG_ENABLE_OBJC_WEAK = YES;
				CLANG_WARN_BLOCK_CAPTURE_AUTORELEASING = YES;
				CLANG_WARN_BOOL_CONVERSION = YES;
				CLANG_WARN_COMMA = YES;
				CLANG_WARN_CONSTANT_CONVERSION = YES;
				CLANG_WARN_DEPRECATED_OBJC_IMPLEMENTATIONS = YES;
				CLANG_WARN_DIRECT_OBJC_ISA_USAGE = YES_ERROR;
				CLANG_WARN_DOCUMENTATION_COMMENTS = YES;
				CLANG_WARN_EMPTY_BODY = YES;
				CLANG_WARN_ENUM_CONVERSION = YES;
				CLANG_WARN_INFINITE_RECURSION = YES;
				CLANG_WARN_INT_CONVERSION = YES;
				CLANG_WARN_NON_LITERAL_NULL_CONVERSION = YES;
				CLANG_WARN_OBJC_IMPLICIT_RETAIN_SELF = YES;
				CLANG_WARN_OBJC_LITERAL_CONVERSION = YES;
				CLANG_WARN_OBJC_ROOT_CLASS = YES_ERROR;
				CLANG_WARN_QUOTED_INCLUDE_IN_FRAMEWORK_HEADER = YES;
				CLANG_WARN_RANGE_LOOP_ANALYSIS = YES;
				CLANG_WARN_STRICT_PROTOTYPES = YES;
				CLANG_WARN_SUSPICIOUS_MOVE = YES;
				CLANG_WARN_UNGUARDED_AVAILABILITY = YES_AGGRESSIVE;
				CLANG_WARN_UNREACHABLE_CODE = YES;
				CLANG_WARN__DUPLICATE_METHOD_MATCH = YES;
				COPY_PHASE_STRIP = NO;
				DEBUG_INFORMATION_FORMAT = "dwarf-with-dsym";
				ENABLE_NS_ASSERTIONS = NO;
				ENABLE_STRICT_OBJC_MSGSEND = YES;
				ENABLE_USER_SCRIPT_SANDBOXING = YES;
				GCC_C_LANGUAGE_STANDARD = gnu17;
				GCC_NO_COMMON_BLOCKS = YES;
				GCC_WARN_64_TO_32_BIT_CONVERSION = YES;
				GCC_WARN_ABOUT_RETURN_TYPE = YES_ERROR;
				GCC_WARN_UNDECLARED_SELECTOR = YES;
				GCC_WARN_UNINITIALIZED_AUTOS = YES_AGGRESSIVE;
				GCC_WARN_UNUSED_FUNCTION = YES;
				GCC_WARN_UNUSED_VARIABLE = YES;
				IPHONEOS_DEPLOYMENT_TARGET = 18.0;
				LOCALIZATION_PREFERS_STRING_CATALOGS = YES;
				MTL_ENABLE_DEBUG_INFO = NO;
				MTL_FAST_MATH = YES;
				SDKROOT = iphoneos;
				SWIFT_COMPILATION_MODE = wholemodule;
				VALIDATE_PRODUCT = YES;
			};
			name = "Release - Local";
		};
		C00B452A2D6AF7E30015DC84 /* Release - Local */ = {
			isa = XCBuildConfiguration;
			buildSettings = {
				ASSETCATALOG_COMPILER_APPICON_NAME = AppIcon;
				ASSETCATALOG_COMPILER_GLOBAL_ACCENT_COLOR_NAME = AccentColor;
				CODE_SIGN_ENTITLEMENTS = Viva/Viva.entitlements;
				CODE_SIGN_STYLE = Automatic;
				CURRENT_PROJECT_VERSION = 1;
				DEVELOPMENT_ASSET_PATHS = "\"Viva/Preview Content\"";
				DEVELOPMENT_TEAM = D9DZFDRXD4;
				ENABLE_PREVIEWS = YES;
				GENERATE_INFOPLIST_FILE = YES;
				INFOPLIST_FILE = Viva/Info.plist;
				INFOPLIST_KEY_NSHealthShareUsageDescription = "We need access to your health data to track your fitness progress";
				INFOPLIST_KEY_NSHealthUpdateUsageDescription = "We need permission to update your health data";
				INFOPLIST_KEY_UIApplicationSceneManifest_Generation = YES;
				INFOPLIST_KEY_UIApplicationSupportsIndirectInputEvents = YES;
				INFOPLIST_KEY_UILaunchScreen_Generation = YES;
				INFOPLIST_KEY_UISupportedInterfaceOrientations_iPad = "UIInterfaceOrientationPortrait UIInterfaceOrientationPortraitUpsideDown UIInterfaceOrientationLandscapeLeft UIInterfaceOrientationLandscapeRight";
				INFOPLIST_KEY_UISupportedInterfaceOrientations_iPhone = "UIInterfaceOrientationPortrait UIInterfaceOrientationLandscapeLeft UIInterfaceOrientationLandscapeRight";
				LD_RUNPATH_SEARCH_PATHS = (
					"$(inherited)",
					"@executable_path/Frameworks",
				);
				MARKETING_VERSION = 1.0;
				PRODUCT_BUNDLE_IDENTIFIER = io.vivamove.Viva;
				PRODUCT_NAME = "$(TARGET_NAME)";
				SWIFT_ACTIVE_COMPILATION_CONDITIONS = DEBUG;
				SWIFT_EMIT_LOC_STRINGS = YES;
				SWIFT_VERSION = 5.0;
				TARGETED_DEVICE_FAMILY = "1,2";
			};
			name = "Release - Local";
		};
		C00B452B2D6AF7E30015DC84 /* Release - Local */ = {
			isa = XCBuildConfiguration;
			buildSettings = {
				BUNDLE_LOADER = "$(TEST_HOST)";
				CODE_SIGN_STYLE = Automatic;
				CURRENT_PROJECT_VERSION = 1;
				GENERATE_INFOPLIST_FILE = YES;
				IPHONEOS_DEPLOYMENT_TARGET = 18.0;
				MARKETING_VERSION = 1.0;
				PRODUCT_BUNDLE_IDENTIFIER = io.vivamove.VivaTests;
				PRODUCT_NAME = "$(TARGET_NAME)";
				SWIFT_EMIT_LOC_STRINGS = NO;
				SWIFT_VERSION = 5.0;
				TARGETED_DEVICE_FAMILY = "1,2";
				TEST_HOST = "$(BUILT_PRODUCTS_DIR)/Viva.app/$(BUNDLE_EXECUTABLE_FOLDER_PATH)/Viva";
			};
			name = "Release - Local";
		};
		C00B452C2D6AF7E30015DC84 /* Release - Local */ = {
			isa = XCBuildConfiguration;
			buildSettings = {
				CODE_SIGN_STYLE = Automatic;
				CURRENT_PROJECT_VERSION = 1;
				GENERATE_INFOPLIST_FILE = YES;
				MARKETING_VERSION = 1.0;
				PRODUCT_BUNDLE_IDENTIFIER = io.vivamove.VivaUITests;
				PRODUCT_NAME = "$(TARGET_NAME)";
				SWIFT_EMIT_LOC_STRINGS = NO;
				SWIFT_VERSION = 5.0;
				TARGETED_DEVICE_FAMILY = "1,2";
				TEST_TARGET_NAME = Viva;
			};
			name = "Release - Local";
		};
		C03975C82D2F83D000BCE78F /* Debug */ = {
			isa = XCBuildConfiguration;
			buildSettings = {
				ALWAYS_SEARCH_USER_PATHS = NO;
				ASSETCATALOG_COMPILER_GENERATE_SWIFT_ASSET_SYMBOL_EXTENSIONS = YES;
				CLANG_ANALYZER_NONNULL = YES;
				CLANG_ANALYZER_NUMBER_OBJECT_CONVERSION = YES_AGGRESSIVE;
				CLANG_CXX_LANGUAGE_STANDARD = "gnu++20";
				CLANG_ENABLE_MODULES = YES;
				CLANG_ENABLE_OBJC_ARC = YES;
				CLANG_ENABLE_OBJC_WEAK = YES;
				CLANG_WARN_BLOCK_CAPTURE_AUTORELEASING = YES;
				CLANG_WARN_BOOL_CONVERSION = YES;
				CLANG_WARN_COMMA = YES;
				CLANG_WARN_CONSTANT_CONVERSION = YES;
				CLANG_WARN_DEPRECATED_OBJC_IMPLEMENTATIONS = YES;
				CLANG_WARN_DIRECT_OBJC_ISA_USAGE = YES_ERROR;
				CLANG_WARN_DOCUMENTATION_COMMENTS = YES;
				CLANG_WARN_EMPTY_BODY = YES;
				CLANG_WARN_ENUM_CONVERSION = YES;
				CLANG_WARN_INFINITE_RECURSION = YES;
				CLANG_WARN_INT_CONVERSION = YES;
				CLANG_WARN_NON_LITERAL_NULL_CONVERSION = YES;
				CLANG_WARN_OBJC_IMPLICIT_RETAIN_SELF = YES;
				CLANG_WARN_OBJC_LITERAL_CONVERSION = YES;
				CLANG_WARN_OBJC_ROOT_CLASS = YES_ERROR;
				CLANG_WARN_QUOTED_INCLUDE_IN_FRAMEWORK_HEADER = YES;
				CLANG_WARN_RANGE_LOOP_ANALYSIS = YES;
				CLANG_WARN_STRICT_PROTOTYPES = YES;
				CLANG_WARN_SUSPICIOUS_MOVE = YES;
				CLANG_WARN_UNGUARDED_AVAILABILITY = YES_AGGRESSIVE;
				CLANG_WARN_UNREACHABLE_CODE = YES;
				CLANG_WARN__DUPLICATE_METHOD_MATCH = YES;
				COPY_PHASE_STRIP = NO;
				DEBUG_INFORMATION_FORMAT = dwarf;
				ENABLE_STRICT_OBJC_MSGSEND = YES;
				ENABLE_TESTABILITY = YES;
				ENABLE_USER_SCRIPT_SANDBOXING = YES;
				GCC_C_LANGUAGE_STANDARD = gnu17;
				GCC_DYNAMIC_NO_PIC = NO;
				GCC_NO_COMMON_BLOCKS = YES;
				GCC_OPTIMIZATION_LEVEL = 0;
				GCC_PREPROCESSOR_DEFINITIONS = (
					"DEBUG=1",
					"$(inherited)",
				);
				GCC_WARN_64_TO_32_BIT_CONVERSION = YES;
				GCC_WARN_ABOUT_RETURN_TYPE = YES_ERROR;
				GCC_WARN_UNDECLARED_SELECTOR = YES;
				GCC_WARN_UNINITIALIZED_AUTOS = YES_AGGRESSIVE;
				GCC_WARN_UNUSED_FUNCTION = YES;
				GCC_WARN_UNUSED_VARIABLE = YES;
				IPHONEOS_DEPLOYMENT_TARGET = 18.0;
				LOCALIZATION_PREFERS_STRING_CATALOGS = YES;
				MTL_ENABLE_DEBUG_INFO = INCLUDE_SOURCE;
				MTL_FAST_MATH = YES;
				ONLY_ACTIVE_ARCH = YES;
				SDKROOT = iphoneos;
				SWIFT_ACTIVE_COMPILATION_CONDITIONS = "DEBUG $(inherited)";
				SWIFT_OPTIMIZATION_LEVEL = "-Onone";
			};
			name = Debug;
		};
		C03975C92D2F83D000BCE78F /* Release - Dev */ = {
			isa = XCBuildConfiguration;
			baseConfigurationReference = C00B45312D6AF90A0015DC84 /* Dev.xcconfig */;
			buildSettings = {
				ALWAYS_SEARCH_USER_PATHS = NO;
				ASSETCATALOG_COMPILER_GENERATE_SWIFT_ASSET_SYMBOL_EXTENSIONS = YES;
				CLANG_ANALYZER_NONNULL = YES;
				CLANG_ANALYZER_NUMBER_OBJECT_CONVERSION = YES_AGGRESSIVE;
				CLANG_CXX_LANGUAGE_STANDARD = "gnu++20";
				CLANG_ENABLE_MODULES = YES;
				CLANG_ENABLE_OBJC_ARC = YES;
				CLANG_ENABLE_OBJC_WEAK = YES;
				CLANG_WARN_BLOCK_CAPTURE_AUTORELEASING = YES;
				CLANG_WARN_BOOL_CONVERSION = YES;
				CLANG_WARN_COMMA = YES;
				CLANG_WARN_CONSTANT_CONVERSION = YES;
				CLANG_WARN_DEPRECATED_OBJC_IMPLEMENTATIONS = YES;
				CLANG_WARN_DIRECT_OBJC_ISA_USAGE = YES_ERROR;
				CLANG_WARN_DOCUMENTATION_COMMENTS = YES;
				CLANG_WARN_EMPTY_BODY = YES;
				CLANG_WARN_ENUM_CONVERSION = YES;
				CLANG_WARN_INFINITE_RECURSION = YES;
				CLANG_WARN_INT_CONVERSION = YES;
				CLANG_WARN_NON_LITERAL_NULL_CONVERSION = YES;
				CLANG_WARN_OBJC_IMPLICIT_RETAIN_SELF = YES;
				CLANG_WARN_OBJC_LITERAL_CONVERSION = YES;
				CLANG_WARN_OBJC_ROOT_CLASS = YES_ERROR;
				CLANG_WARN_QUOTED_INCLUDE_IN_FRAMEWORK_HEADER = YES;
				CLANG_WARN_RANGE_LOOP_ANALYSIS = YES;
				CLANG_WARN_STRICT_PROTOTYPES = YES;
				CLANG_WARN_SUSPICIOUS_MOVE = YES;
				CLANG_WARN_UNGUARDED_AVAILABILITY = YES_AGGRESSIVE;
				CLANG_WARN_UNREACHABLE_CODE = YES;
				CLANG_WARN__DUPLICATE_METHOD_MATCH = YES;
				COPY_PHASE_STRIP = NO;
				DEBUG_INFORMATION_FORMAT = "dwarf-with-dsym";
				ENABLE_NS_ASSERTIONS = NO;
				ENABLE_STRICT_OBJC_MSGSEND = YES;
				ENABLE_USER_SCRIPT_SANDBOXING = YES;
				GCC_C_LANGUAGE_STANDARD = gnu17;
				GCC_NO_COMMON_BLOCKS = YES;
				GCC_WARN_64_TO_32_BIT_CONVERSION = YES;
				GCC_WARN_ABOUT_RETURN_TYPE = YES_ERROR;
				GCC_WARN_UNDECLARED_SELECTOR = YES;
				GCC_WARN_UNINITIALIZED_AUTOS = YES_AGGRESSIVE;
				GCC_WARN_UNUSED_FUNCTION = YES;
				GCC_WARN_UNUSED_VARIABLE = YES;
				IPHONEOS_DEPLOYMENT_TARGET = 18.0;
				LOCALIZATION_PREFERS_STRING_CATALOGS = YES;
				MTL_ENABLE_DEBUG_INFO = NO;
				MTL_FAST_MATH = YES;
				SDKROOT = iphoneos;
				SWIFT_COMPILATION_MODE = wholemodule;
				VALIDATE_PRODUCT = YES;
			};
			name = "Release - Dev";
		};
		C03975CB2D2F83D000BCE78F /* Debug */ = {
			isa = XCBuildConfiguration;
			buildSettings = {
				ASSETCATALOG_COMPILER_APPICON_NAME = AppIcon;
				ASSETCATALOG_COMPILER_GLOBAL_ACCENT_COLOR_NAME = AccentColor;
				CODE_SIGN_ENTITLEMENTS = Viva/Viva.entitlements;
				CODE_SIGN_STYLE = Automatic;
				CURRENT_PROJECT_VERSION = 1;
				DEVELOPMENT_ASSET_PATHS = "\"Viva/Preview Content\"";
				DEVELOPMENT_TEAM = D9DZFDRXD4;
				ENABLE_PREVIEWS = YES;
				GENERATE_INFOPLIST_FILE = YES;
				INFOPLIST_FILE = Viva/Info.plist;
				INFOPLIST_KEY_NSHealthShareUsageDescription = "We need access to your health data to track your fitness progress";
				INFOPLIST_KEY_NSHealthUpdateUsageDescription = "We need permission to update your health data";
				INFOPLIST_KEY_UIApplicationSceneManifest_Generation = YES;
				INFOPLIST_KEY_UIApplicationSupportsIndirectInputEvents = YES;
				INFOPLIST_KEY_UILaunchScreen_Generation = YES;
				INFOPLIST_KEY_UISupportedInterfaceOrientations_iPad = "UIInterfaceOrientationPortrait UIInterfaceOrientationPortraitUpsideDown UIInterfaceOrientationLandscapeLeft UIInterfaceOrientationLandscapeRight";
				INFOPLIST_KEY_UISupportedInterfaceOrientations_iPhone = "UIInterfaceOrientationPortrait UIInterfaceOrientationLandscapeLeft UIInterfaceOrientationLandscapeRight";
				LD_RUNPATH_SEARCH_PATHS = (
					"$(inherited)",
					"@executable_path/Frameworks",
				);
				MARKETING_VERSION = 1.0;
				PRODUCT_BUNDLE_IDENTIFIER = io.vivamove.Viva;
				PRODUCT_NAME = "$(TARGET_NAME)";
				SWIFT_ACTIVE_COMPILATION_CONDITIONS = DEBUG;
				SWIFT_EMIT_LOC_STRINGS = YES;
				SWIFT_VERSION = 5.0;
				TARGETED_DEVICE_FAMILY = "1,2";
			};
			name = Debug;
		};
		C03975CC2D2F83D000BCE78F /* Release - Dev */ = {
			isa = XCBuildConfiguration;
			buildSettings = {
				ASSETCATALOG_COMPILER_APPICON_NAME = AppIcon;
				ASSETCATALOG_COMPILER_GLOBAL_ACCENT_COLOR_NAME = AccentColor;
				CODE_SIGN_ENTITLEMENTS = Viva/Viva.entitlements;
				CODE_SIGN_STYLE = Automatic;
				CURRENT_PROJECT_VERSION = 1;
				DEVELOPMENT_ASSET_PATHS = "\"Viva/Preview Content\"";
				DEVELOPMENT_TEAM = D9DZFDRXD4;
				ENABLE_PREVIEWS = YES;
				GENERATE_INFOPLIST_FILE = YES;
				INFOPLIST_FILE = Viva/Info.plist;
				INFOPLIST_KEY_NSHealthShareUsageDescription = "We need access to your health data to track your fitness progress";
				INFOPLIST_KEY_NSHealthUpdateUsageDescription = "We need permission to update your health data";
				INFOPLIST_KEY_UIApplicationSceneManifest_Generation = YES;
				INFOPLIST_KEY_UIApplicationSupportsIndirectInputEvents = YES;
				INFOPLIST_KEY_UILaunchScreen_Generation = YES;
				INFOPLIST_KEY_UISupportedInterfaceOrientations_iPad = "UIInterfaceOrientationPortrait UIInterfaceOrientationPortraitUpsideDown UIInterfaceOrientationLandscapeLeft UIInterfaceOrientationLandscapeRight";
				INFOPLIST_KEY_UISupportedInterfaceOrientations_iPhone = "UIInterfaceOrientationPortrait UIInterfaceOrientationLandscapeLeft UIInterfaceOrientationLandscapeRight";
				LD_RUNPATH_SEARCH_PATHS = (
					"$(inherited)",
					"@executable_path/Frameworks",
				);
				MARKETING_VERSION = 1.0;
				PRODUCT_BUNDLE_IDENTIFIER = io.vivamove.Viva;
				PRODUCT_NAME = "$(TARGET_NAME)";
				SWIFT_ACTIVE_COMPILATION_CONDITIONS = DEBUG;
				SWIFT_EMIT_LOC_STRINGS = YES;
				SWIFT_VERSION = 5.0;
				TARGETED_DEVICE_FAMILY = "1,2";
			};
			name = "Release - Dev";
		};
		C03975CE2D2F83D000BCE78F /* Debug */ = {
			isa = XCBuildConfiguration;
			buildSettings = {
				BUNDLE_LOADER = "$(TEST_HOST)";
				CODE_SIGN_STYLE = Automatic;
				CURRENT_PROJECT_VERSION = 1;
				GENERATE_INFOPLIST_FILE = YES;
				IPHONEOS_DEPLOYMENT_TARGET = 18.0;
				MARKETING_VERSION = 1.0;
				PRODUCT_BUNDLE_IDENTIFIER = io.vivamove.VivaTests;
				PRODUCT_NAME = "$(TARGET_NAME)";
				SWIFT_EMIT_LOC_STRINGS = NO;
				SWIFT_VERSION = 5.0;
				TARGETED_DEVICE_FAMILY = "1,2";
				TEST_HOST = "$(BUILT_PRODUCTS_DIR)/Viva.app/$(BUNDLE_EXECUTABLE_FOLDER_PATH)/Viva";
			};
			name = Debug;
		};
		C03975CF2D2F83D000BCE78F /* Release - Dev */ = {
			isa = XCBuildConfiguration;
			buildSettings = {
				BUNDLE_LOADER = "$(TEST_HOST)";
				CODE_SIGN_STYLE = Automatic;
				CURRENT_PROJECT_VERSION = 1;
				GENERATE_INFOPLIST_FILE = YES;
				IPHONEOS_DEPLOYMENT_TARGET = 18.0;
				MARKETING_VERSION = 1.0;
				PRODUCT_BUNDLE_IDENTIFIER = io.vivamove.VivaTests;
				PRODUCT_NAME = "$(TARGET_NAME)";
				SWIFT_EMIT_LOC_STRINGS = NO;
				SWIFT_VERSION = 5.0;
				TARGETED_DEVICE_FAMILY = "1,2";
				TEST_HOST = "$(BUILT_PRODUCTS_DIR)/Viva.app/$(BUNDLE_EXECUTABLE_FOLDER_PATH)/Viva";
			};
			name = "Release - Dev";
		};
		C03975D12D2F83D000BCE78F /* Debug */ = {
			isa = XCBuildConfiguration;
			buildSettings = {
				CODE_SIGN_STYLE = Automatic;
				CURRENT_PROJECT_VERSION = 1;
				GENERATE_INFOPLIST_FILE = YES;
				MARKETING_VERSION = 1.0;
				PRODUCT_BUNDLE_IDENTIFIER = io.vivamove.VivaUITests;
				PRODUCT_NAME = "$(TARGET_NAME)";
				SWIFT_EMIT_LOC_STRINGS = NO;
				SWIFT_VERSION = 5.0;
				TARGETED_DEVICE_FAMILY = "1,2";
				TEST_TARGET_NAME = Viva;
			};
			name = Debug;
		};
		C03975D22D2F83D000BCE78F /* Release - Dev */ = {
			isa = XCBuildConfiguration;
			buildSettings = {
				CODE_SIGN_STYLE = Automatic;
				CURRENT_PROJECT_VERSION = 1;
				GENERATE_INFOPLIST_FILE = YES;
				MARKETING_VERSION = 1.0;
				PRODUCT_BUNDLE_IDENTIFIER = io.vivamove.VivaUITests;
				PRODUCT_NAME = "$(TARGET_NAME)";
				SWIFT_EMIT_LOC_STRINGS = NO;
				SWIFT_VERSION = 5.0;
				TARGETED_DEVICE_FAMILY = "1,2";
				TEST_TARGET_NAME = Viva;
			};
			name = "Release - Dev";
		};
/* End XCBuildConfiguration section */

/* Begin XCConfigurationList section */
		C03975A12D2F83CE00BCE78F /* Build configuration list for PBXProject "Viva" */ = {
			isa = XCConfigurationList;
			buildConfigurations = (
				C03975C82D2F83D000BCE78F /* Debug */,
				C03975C92D2F83D000BCE78F /* Release - Dev */,
				C00B45292D6AF7E30015DC84 /* Release - Local */,
			);
			defaultConfigurationIsVisible = 0;
			defaultConfigurationName = "Release - Dev";
		};
		C03975CA2D2F83D000BCE78F /* Build configuration list for PBXNativeTarget "Viva" */ = {
			isa = XCConfigurationList;
			buildConfigurations = (
				C03975CB2D2F83D000BCE78F /* Debug */,
				C03975CC2D2F83D000BCE78F /* Release - Dev */,
				C00B452A2D6AF7E30015DC84 /* Release - Local */,
			);
			defaultConfigurationIsVisible = 0;
			defaultConfigurationName = "Release - Dev";
		};
		C03975CD2D2F83D000BCE78F /* Build configuration list for PBXNativeTarget "VivaTests" */ = {
			isa = XCConfigurationList;
			buildConfigurations = (
				C03975CE2D2F83D000BCE78F /* Debug */,
				C03975CF2D2F83D000BCE78F /* Release - Dev */,
				C00B452B2D6AF7E30015DC84 /* Release - Local */,
			);
			defaultConfigurationIsVisible = 0;
			defaultConfigurationName = "Release - Dev";
		};
		C03975D02D2F83D000BCE78F /* Build configuration list for PBXNativeTarget "VivaUITests" */ = {
			isa = XCConfigurationList;
			buildConfigurations = (
				C03975D12D2F83D000BCE78F /* Debug */,
				C03975D22D2F83D000BCE78F /* Release - Dev */,
				C00B452C2D6AF7E30015DC84 /* Release - Local */,
			);
			defaultConfigurationIsVisible = 0;
			defaultConfigurationName = "Release - Dev";
		};
/* End XCConfigurationList section */

/* Begin XCRemoteSwiftPackageReference section */
		C0C51AE32D792E3C002CC61A /* XCRemoteSwiftPackageReference "swift-collections" */ = {
			isa = XCRemoteSwiftPackageReference;
			repositoryURL = "https://github.com/apple/swift-collections.git";
			requirement = {
				kind = upToNextMajorVersion;
				minimumVersion = 1.1.4;
			};
		};
		C0C51AE42D792E4D002CC61A /* XCRemoteSwiftPackageReference "Alamofire" */ = {
			isa = XCRemoteSwiftPackageReference;
			repositoryURL = "https://github.com/Alamofire/Alamofire.git";
			requirement = {
				kind = upToNextMajorVersion;
				minimumVersion = 5.10.2;
			};
		};
/* End XCRemoteSwiftPackageReference section */

/* Begin XCSwiftPackageProductDependency section */
		C0C51AE52D792E4D002CC61A /* Alamofire */ = {
			isa = XCSwiftPackageProductDependency;
			package = C0C51AE42D792E4D002CC61A /* XCRemoteSwiftPackageReference "Alamofire" */;
			productName = Alamofire;
		};
		C0C51AE72D792E6D002CC61A /* OrderedCollections */ = {
			isa = XCSwiftPackageProductDependency;
			package = C0C51AE32D792E3C002CC61A /* XCRemoteSwiftPackageReference "swift-collections" */;
			productName = OrderedCollections;
		};
/* End XCSwiftPackageProductDependency section */
	};
	rootObject = C039759E2D2F83CE00BCE78F /* Project object */;
}
